
Microsoft Visual Studio Solution File, Format Version 12.00
# Visual Studio 14
VisualStudioVersion = 14.0.25420.1
MinimumVisualStudioVersion = 10.0.40219.1
Project("{8BC9CEB8-8B4A-11D0-8D11-00A0C91BC942}") = "NetworkCameras", "NetworkCameras\NetworkCameras.vcxproj", "{E114F4D3-B82A-4BA3-AB66-66FA87F1FB87}"
EndProject
Global
	GlobalSection(SolutionConfigurationPlatforms) = preSolution
		Debug|x64 = Debug|x64
		Debug|x86 = Debug|x86
		Release|x64 = Release|x64
		Release|x86 = Release|x86
	EndGlobalSection
	GlobalSection(ProjectConfigurationPlatforms) = postSolution
		{E114F4D3-B82A-4BA3-AB66-66FA87F1FB87}.Debug|x64.ActiveCfg = Debug|x64
		{E114F4D3-B82A-4BA3-AB66-66FA87F1FB87}.Debug|x64.Build.0 = Debug|x64
		{E114F4D3-B82A-4BA3-AB66-66FA87F1FB87}.Debug|x86.ActiveCfg = Debug|Win32
		{E114F4D3-B82A-4BA3-AB66-66FA87F1FB87}.Debug|x86.Build.0 = Debug|Win32
		{E114F4D3-B82A-4BA3-AB66-66FA87F1FB87}.Release|x64.ActiveCfg = Release|x64
		{E114F4D3-B82A-4BA3-AB66-66FA87F1FB87}.Release|x64.Build.0 = Release|x64
		{E114F4D3-B82A-4BA3-AB66-66FA87F1FB87}.Release|x86.ActiveCfg = Release|Win32
		{E114F4D3-B82A-4BA3-AB66-66FA87F1FB87}.Release|x86.Build.0 = Release|Win32
	EndGlobalSection
	GlobalSection(SolutionProperties) = preSolution
		HideSolutionNode = FALSE
	EndGlobalSection
EndGlobal
